
Microsoft Visual Studio Solution File, Format Version 12.00
# Visual Studio Version 17
VisualStudioVersion = 17.0.32126.317
MinimumVisualStudioVersion = 10.0.40219.1
Project("{FAE04EC0-301F-11D3-BF4B-00C04F79EFBC}") = "ContactManager", "ContactManager\ContactManager.csproj", "{BD7A0C51-D86D-46A7-95BF-6A22CDABE0EF}"
EndProject
Global
	GlobalSection(SolutionConfigurationPlatforms) = preSolution
		Debug|Any CPU = Debug|Any CPU
		Release|Any CPU = Release|Any CPU
	EndGlobalSection
	GlobalSection(ProjectConfigurationPlatforms) = postSolution
		{BD7A0C51-D86D-46A7-95BF-6A22CDABE0EF}.Debug|Any CPU.ActiveCfg = Debug|Any CPU
		{BD7A0C51-D86D-46A7-95BF-6A22CDABE0EF}.Debug|Any CPU.Build.0 = Debug|Any CPU
		{BD7A0C51-D86D-46A7-95BF-6A22CDABE0EF}.Release|Any CPU.ActiveCfg = Release|Any CPU
		{BD7A0C51-D86D-46A7-95BF-6A22CDABE0EF}.Release|Any CPU.Build.0 = Release|Any CPU
	EndGlobalSection
	GlobalSection(SolutionProperties) = preSolution
		HideSolutionNode = FALSE
	EndGlobalSection
	GlobalSection(ExtensibilityGlobals) = postSolution
		SolutionGuid = {F1AFE8FB-D81C-49D3-B127-EA1EF76DD6F5}
	EndGlobalSection
EndGlobal
